
Microsoft Visual Studio Solution File, Format Version 12.00
# Visual Studio Version 17
VisualStudioVersion = 17.0.31903.59
MinimumVisualStudioVersion = 10.0.40219.1
Project("{9A19103F-16F7-4668-BE54-9A1E7A4F7556}") = "TomiSoft.Printing.Thermal", "TomiSoft.Printing.Thermal\TomiSoft.Printing.Thermal.csproj", "{ACBF02EA-D2E4-4D07-8DB7-B1D4C0F5036A}"
EndProject
Global
	GlobalSection(SolutionConfigurationPlatforms) = preSolution
		Debug|Any CPU = Debug|Any CPU
		Release|Any CPU = Release|Any CPU
	EndGlobalSection
	GlobalSection(ProjectConfigurationPlatforms) = postSolution
		{ACBF02EA-D2E4-4D07-8DB7-B1D4C0F5036A}.Debug|Any CPU.ActiveCfg = Debug|Any CPU
		{ACBF02EA-D2E4-4D07-8DB7-B1D4C0F5036A}.Debug|Any CPU.Build.0 = Debug|Any CPU
		{ACBF02EA-D2E4-4D07-8DB7-B1D4C0F5036A}.Release|Any CPU.ActiveCfg = Release|Any CPU
		{ACBF02EA-D2E4-4D07-8DB7-B1D4C0F5036A}.Release|Any CPU.Build.0 = Release|Any CPU
	EndGlobalSection
	GlobalSection(SolutionProperties) = preSolution
		HideSolutionNode = FALSE
	EndGlobalSection
EndGlobal
